
Microsoft Visual Studio Solution File, Format Version 12.00
# Visual Studio 15
VisualStudioVersion = 15.0.27428.2015
MinimumVisualStudioVersion = 10.0.40219.1
Project("{888888A0-9F3D-457C-B088-3A5042F75D52}") = "Postal_Rate_Calculator", "PythonApplication1\Postal_Rate_Calculator.pyproj", "{8DE51050-5FDC-482D-91CE-2A7149940AE5}"
EndProject
Global
	GlobalSection(SolutionConfigurationPlatforms) = preSolution
		Debug|Any CPU = Debug|Any CPU
		Release|Any CPU = Release|Any CPU
	EndGlobalSection
	GlobalSection(ProjectConfigurationPlatforms) = postSolution
		{8DE51050-5FDC-482D-91CE-2A7149940AE5}.Debug|Any CPU.ActiveCfg = Debug|Any CPU
		{8DE51050-5FDC-482D-91CE-2A7149940AE5}.Release|Any CPU.ActiveCfg = Release|Any CPU
	EndGlobalSection
	GlobalSection(SolutionProperties) = preSolution
		HideSolutionNode = FALSE
	EndGlobalSection
	GlobalSection(ExtensibilityGlobals) = postSolution
		SolutionGuid = {1C574A65-84A0-4B13-98F3-1DB9A5AF81EB}
	EndGlobalSection
EndGlobal
